Microsoft Visual Studio Solution File, Format Version 12.00
# Visual Studio Version 17
VisualStudioVersion = 17.0.31903.59
MinimumVisualStudioVersion = 10.0.40219.1
Project("{FAE04EC0-301F-11D3-BF4B-00C04F79EFBC}") = "PlServer.Core", "PlServer.Core\PlServer.Core.csproj", "{03C4B110-21CD-4E86-A63A-F68E4C3049A4}"
EndProject
Project("{FAE04EC0-301F-11D3-BF4B-00C04F79EFBC}") = "PlServer.Application", "PlServer.Application\PlServer.Application.csproj", "{CAFAB3B7-2542-4F3F-B6CB-4FD8392C2EB1}"
EndProject
Project("{FAE04EC0-301F-11D3-BF4B-00C04F79EFBC}") = "PlServer.Protocol", "PlServer.Protocol\PlServer.Protocol.csproj", "{9B472957-8D31-4B93-B8F5-C0778CB8277C}"
EndProject
Project("{FAE04EC0-301F-11D3-BF4B-00C04F79EFBC}") = "PlServer.LegacyProtocol", "PlServer.LegacyProtocol\PlServer.LegacyProtocol.csproj", "{FDA59B91-645F-4BCF-BAAD-37CBF0C2EDDA}"
EndProject
Project("{FAE04EC0-301F-11D3-BF4B-00C04F79EFBC}") = "PlServer.Network", "PlServer.Network\PlServer.Network.csproj", "{8E6D1654-A348-47F0-AB14-ECDB85548323}"
EndProject
Project("{FAE04EC0-301F-11D3-BF4B-00C04F79EFBC}") = "PlServer.Session", "PlServer.Session\PlServer.Session.csproj", "{E14630C7-4965-4975-9189-26B3472A5D73}"
EndProject
Project("{FAE04EC0-301F-11D3-BF4B-00C04F79EFBC}") = "PlServer.Resources", "PlServer.Resources\PlServer.Resources.csproj", "{D80B529E-3244-4602-B796-465646C7EC1C}"
EndProject
Project("{FAE04EC0-301F-11D3-BF4B-00C04F79EFBC}") = "PlServer.Persistence", "PlServer.Persistence\PlServer.Persistence.csproj", "{8B0E7576-3EA7-495C-958D-C306DF157BE3}"
EndProject
Project("{FAE04EC0-301F-11D3-BF4B-00C04F79EFBC}") = "PlServer.Diagnostics", "PlServer.Diagnostics\PlServer.Diagnostics.csproj", "{2F8692DC-5E5A-40FF-BE4D-5E6122BE2409}"
EndProject
Project("{FAE04EC0-301F-11D3-BF4B-00C04F79EFBC}") = "PlServer.Replay", "PlServer.Replay\PlServer.Replay.csproj", "{42739E09-8240-4B51-9F19-801A1521B904}"
EndProject
Project("{FAE04EC0-301F-11D3-BF4B-00C04F79EFBC}") = "PlServer.Gui", "PlServer.Gui\PlServer.Gui.csproj", "{E0801AEF-655B-49E3-80FA-5DDA83D4F88E}"
EndProject
Project("{FAE04EC0-301F-11D3-BF4B-00C04F79EFBC}") = "PlServer.Host", "PlServer.Host\PlServer.Host.csproj", "{96050CFE-4F82-447B-920D-EAC87AA2D414}"
EndProject
Project("{FAE04EC0-301F-11D3-BF4B-00C04F79EFBC}") = "PlServer.Core.Tests", "..\tests\PlServer.Core.Tests\PlServer.Core.Tests.csproj", "{3AA5C746-9C1D-445E-9E5C-6722CF2421D0}"
EndProject
Project("{FAE04EC0-301F-11D3-BF4B-00C04F79EFBC}") = "PlServer.Application.Tests", "..\tests\PlServer.Application.Tests\PlServer.Application.Tests.csproj", "{4CE57E49-0035-4152-B064-CE15A97498DD}"
EndProject
Project("{FAE04EC0-301F-11D3-BF4B-00C04F79EFBC}") = "PlServer.Protocol.Tests", "..\tests\PlServer.Protocol.Tests\PlServer.Protocol.Tests.csproj", "{AB70C26E-D26B-466D-A1A2-A2982DFD23DB}"
EndProject
Project("{FAE04EC0-301F-11D3-BF4B-00C04F79EFBC}") = "PlServer.LegacyProtocol.Tests", "..\tests\PlServer.LegacyProtocol.Tests\PlServer.LegacyProtocol.Tests.csproj", "{B4EF4B7B-95B9-49AE-9E80-7F981F69D0EC}"
EndProject
Project("{FAE04EC0-301F-11D3-BF4B-00C04F79EFBC}") = "PlServer.Network.Tests", "..\tests\PlServer.Network.Tests\PlServer.Network.Tests.csproj", "{2E5E6628-C51D-4B61-AD04-9D9C577DFB1A}"
EndProject
Project("{FAE04EC0-301F-11D3-BF4B-00C04F79EFBC}") = "PlServer.Session.Tests", "..\tests\PlServer.Session.Tests\PlServer.Session.Tests.csproj", "{38FB0676-4120-44CC-A707-18E0DCC51FB3}"
EndProject
Project("{FAE04EC0-301F-11D3-BF4B-00C04F79EFBC}") = "PlServer.Resources.Tests", "..\tests\PlServer.Resources.Tests\PlServer.Resources.Tests.csproj", "{7412B614-4F89-41FE-81DB-72A29723ECB2}"
EndProject
Project("{FAE04EC0-301F-11D3-BF4B-00C04F79EFBC}") = "PlServer.Diagnostics.Tests", "..\tests\PlServer.Diagnostics.Tests\PlServer.Diagnostics.Tests.csproj", "{101806D2-3A68-4A19-A5AC-7A660C622A6A}"
EndProject
Project("{FAE04EC0-301F-11D3-BF4B-00C04F79EFBC}") = "PlServer.Replay.Tests", "..\tests\PlServer.Replay.Tests\PlServer.Replay.Tests.csproj", "{B3D6166D-4136-4D59-B898-BB619B8B23B1}"
EndProject
Global
	GlobalSection(SolutionProperties) = preSolution
		HideSolutionNode = FALSE
	EndGlobalSection
	GlobalSection(SolutionConfigurationPlatforms) = preSolution
		Debug|Any CPU = Debug|Any CPU
		Debug|x64 = Debug|x64
		Debug|x86 = Debug|x86
		Release|Any CPU = Release|Any CPU
		Release|x64 = Release|x64
		Release|x86 = Release|x86
	EndGlobalSection
	GlobalSection(ProjectConfigurationPlatforms) = postSolution
		{03C4B110-21CD-4E86-A63A-F68E4C3049A4}.Debug|Any CPU.ActiveCfg = Debug|Any CPU
		{03C4B110-21CD-4E86-A63A-F68E4C3049A4}.Debug|Any CPU.Build.0 = Debug|Any CPU
		{03C4B110-21CD-4E86-A63A-F68E4C3049A4}.Debug|x64.ActiveCfg = Debug|Any CPU
		{03C4B110-21CD-4E86-A63A-F68E4C3049A4}.Debug|x64.Build.0 = Debug|Any CPU
		{03C4B110-21CD-4E86-A63A-F68E4C3049A4}.Debug|x86.ActiveCfg = Debug|Any CPU
		{03C4B110-21CD-4E86-A63A-F68E4C3049A4}.Debug|x86.Build.0 = Debug|Any CPU
		{03C4B110-21CD-4E86-A63A-F68E4C3049A4}.Release|Any CPU.ActiveCfg = Release|Any CPU
		{03C4B110-21CD-4E86-A63A-F68E4C3049A4}.Release|Any CPU.Build.0 = Release|Any CPU
		{03C4B110-21CD-4E86-A63A-F68E4C3049A4}.Release|x64.ActiveCfg = Release|Any CPU
		{03C4B110-21CD-4E86-A63A-F68E4C3049A4}.Release|x64.Build.0 = Release|Any CPU
		{03C4B110-21CD-4E86-A63A-F68E4C3049A4}.Release|x86.ActiveCfg = Release|Any CPU
		{03C4B110-21CD-4E86-A63A-F68E4C3049A4}.Release|x86.Build.0 = Release|Any CPU
		{CAFAB3B7-2542-4F3F-B6CB-4FD8392C2EB1}.Debug|Any CPU.ActiveCfg = Debug|Any CPU
		{CAFAB3B7-2542-4F3F-B6CB-4FD8392C2EB1}.Debug|Any CPU.Build.0 = Debug|Any CPU
		{CAFAB3B7-2542-4F3F-B6CB-4FD8392C2EB1}.Debug|x64.ActiveCfg = Debug|Any CPU
		{CAFAB3B7-2542-4F3F-B6CB-4FD8392C2EB1}.Debug|x64.Build.0 = Debug|Any CPU
		{CAFAB3B7-2542-4F3F-B6CB-4FD8392C2EB1}.Debug|x86.ActiveCfg = Debug|Any CPU
		{CAFAB3B7-2542-4F3F-B6CB-4FD8392C2EB1}.Debug|x86.Build.0 = Debug|Any CPU
		{CAFAB3B7-2542-4F3F-B6CB-4FD8392C2EB1}.Release|Any CPU.ActiveCfg = Release|Any CPU
		{CAFAB3B7-2542-4F3F-B6CB-4FD8392C2EB1}.Release|Any CPU.Build.0 = Release|Any CPU
		{CAFAB3B7-2542-4F3F-B6CB-4FD8392C2EB1}.Release|x64.ActiveCfg = Release|Any CPU
		{CAFAB3B7-2542-4F3F-B6CB-4FD8392C2EB1}.Release|x64.Build.0 = Release|Any CPU
		{CAFAB3B7-2542-4F3F-B6CB-4FD8392C2EB1}.Release|x86.ActiveCfg = Release|Any CPU
		{CAFAB3B7-2542-4F3F-B6CB-4FD8392C2EB1}.Release|x86.Build.0 = Release|Any CPU
		{9B472957-8D31-4B93-B8F5-C0778CB8277C}.Debug|Any CPU.ActiveCfg = Debug|Any CPU
		{9B472957-8D31-4B93-B8F5-C0778CB8277C}.Debug|Any CPU.Build.0 = Debug|Any CPU
		{9B472957-8D31-4B93-B8F5-C0778CB8277C}.Debug|x64.ActiveCfg = Debug|Any CPU
		{9B472957-8D31-4B93-B8F5-C0778CB8277C}.Debug|x64.Build.0 = Debug|Any CPU
		{9B472957-8D31-4B93-B8F5-C0778CB8277C}.Debug|x86.ActiveCfg = Debug|Any CPU
		{9B472957-8D31-4B93-B8F5-C0778CB8277C}.Debug|x86.Build.0 = Debug|Any CPU
		{9B472957-8D31-4B93-B8F5-C0778CB8277C}.Release|Any CPU.ActiveCfg = Release|Any CPU
		{9B472957-8D31-4B93-B8F5-C0778CB8277C}.Release|Any CPU.Build.0 = Release|Any CPU
		{9B472957-8D31-4B93-B8F5-C0778CB8277C}.Release|x64.ActiveCfg = Release|Any CPU
		{9B472957-8D31-4B93-B8F5-C0778CB8277C}.Release|x64.Build.0 = Release|Any CPU
		{9B472957-8D31-4B93-B8F5-C0778CB8277C}.Release|x86.ActiveCfg = Release|Any CPU
		{9B472957-8D31-4B93-B8F5-C0778CB8277C}.Release|x86.Build.0 = Release|Any CPU
		{FDA59B91-645F-4BCF-BAAD-37CBF0C2EDDA}.Debug|Any CPU.ActiveCfg = Debug|Any CPU
		{FDA59B91-645F-4BCF-BAAD-37CBF0C2EDDA}.Debug|Any CPU.Build.0 = Debug|Any CPU
		{FDA59B91-645F-4BCF-BAAD-37CBF0C2EDDA}.Debug|x64.ActiveCfg = Debug|Any CPU
		{FDA59B91-645F-4BCF-BAAD-37CBF0C2EDDA}.Debug|x64.Build.0 = Debug|Any CPU
		{FDA59B91-645F-4BCF-BAAD-37CBF0C2EDDA}.Debug|x86.ActiveCfg = Debug|Any CPU
		{FDA59B91-645F-4BCF-BAAD-37CBF0C2EDDA}.Debug|x86.Build.0 = Debug|Any CPU
		{FDA59B91-645F-4BCF-BAAD-37CBF0C2EDDA}.Release|Any CPU.ActiveCfg = Release|Any CPU
		{FDA59B91-645F-4BCF-BAAD-37CBF0C2EDDA}.Release|Any CPU.Build.0 = Release|Any CPU
		{FDA59B91-645F-4BCF-BAAD-37CBF0C2EDDA}.Release|x64.ActiveCfg = Release|Any CPU
		{FDA59B91-645F-4BCF-BAAD-37CBF0C2EDDA}.Release|x64.Build.0 = Release|Any CPU
		{FDA59B91-645F-4BCF-BAAD-37CBF0C2EDDA}.Release|x86.ActiveCfg = Release|Any CPU
		{FDA59B91-645F-4BCF-BAAD-37CBF0C2EDDA}.Release|x86.Build.0 = Release|Any CPU
		{8E6D1654-A348-47F0-AB14-ECDB85548323}.Debug|Any CPU.ActiveCfg = Debug|Any CPU
		{8E6D1654-A348-47F0-AB14-ECDB85548323}.Debug|Any CPU.Build.0 = Debug|Any CPU
		{8E6D1654-A348-47F0-AB14-ECDB85548323}.Debug|x64.ActiveCfg = Debug|Any CPU
		{8E6D1654-A348-47F0-AB14-ECDB85548323}.Debug|x64.Build.0 = Debug|Any CPU
		{8E6D1654-A348-47F0-AB14-ECDB85548323}.Debug|x86.ActiveCfg = Debug|Any CPU
		{8E6D1654-A348-47F0-AB14-ECDB85548323}.Debug|x86.Build.0 = Debug|Any CPU
		{8E6D1654-A348-47F0-AB14-ECDB85548323}.Release|Any CPU.ActiveCfg = Release|Any CPU
		{8E6D1654-A348-47F0-AB14-ECDB85548323}.Release|Any CPU.Build.0 = Release|Any CPU
		{8E6D1654-A348-47F0-AB14-ECDB85548323}.Release|x64.ActiveCfg = Release|Any CPU
		{8E6D1654-A348-47F0-AB14-ECDB85548323}.Release|x64.Build.0 = Release|Any CPU
		{8E6D1654-A348-47F0-AB14-ECDB85548323}.Release|x86.ActiveCfg = Release|Any CPU
		{8E6D1654-A348-47F0-AB14-ECDB85548323}.Release|x86.Build.0 = Release|Any CPU
		{E14630C7-4965-4975-9189-26B3472A5D73}.Debug|Any CPU.ActiveCfg = Debug|Any CPU
		{E14630C7-4965-4975-9189-26B3472A5D73}.Debug|Any CPU.Build.0 = Debug|Any CPU
		{E14630C7-4965-4975-9189-26B3472A5D73}.Debug|x64.ActiveCfg = Debug|Any CPU
		{E14630C7-4965-4975-9189-26B3472A5D73}.Debug|x64.Build.0 = Debug|Any CPU
		{E14630C7-4965-4975-9189-26B3472A5D73}.Debug|x86.ActiveCfg = Debug|Any CPU
		{E14630C7-4965-4975-9189-26B3472A5D73}.Debug|x86.Build.0 = Debug|Any CPU
		{E14630C7-4965-4975-9189-26B3472A5D73}.Release|Any CPU.ActiveCfg = Release|Any CPU
		{E14630C7-4965-4975-9189-26B3472A5D73}.Release|Any CPU.Build.0 = Release|Any CPU
		{E14630C7-4965-4975-9189-26B3472A5D73}.Release|x64.ActiveCfg = Release|Any CPU
		{E14630C7-4965-4975-9189-26B3472A5D73}.Release|x64.Build.0 = Release|Any CPU
		{E14630C7-4965-4975-9189-26B3472A5D73}.Release|x86.ActiveCfg = Release|Any CPU
		{E14630C7-4965-4975-9189-26B3472A5D73}.Release|x86.Build.0 = Release|Any CPU
		{D80B529E-3244-4602-B796-465646C7EC1C}.Debug|Any CPU.ActiveCfg = Debug|Any CPU
		{D80B529E-3244-4602-B796-465646C7EC1C}.Debug|Any CPU.Build.0 = Debug|Any CPU
		{D80B529E-3244-4602-B796-465646C7EC1C}.Debug|x64.ActiveCfg = Debug|Any CPU
		{D80B529E-3244-4602-B796-465646C7EC1C}.Debug|x64.Build.0 = Debug|Any CPU
		{D80B529E-3244-4602-B796-465646C7EC1C}.Debug|x86.ActiveCfg = Debug|Any CPU
		{D80B529E-3244-4602-B796-465646C7EC1C}.Debug|x86.Build.0 = Debug|Any CPU
		{D80B529E-3244-4602-B796-465646C7EC1C}.Release|Any CPU.ActiveCfg = Release|Any CPU
		{D80B529E-3244-4602-B796-465646C7EC1C}.Release|Any CPU.Build.0 = Release|Any CPU
		{D80B529E-3244-4602-B796-465646C7EC1C}.Release|x64.ActiveCfg = Release|Any CPU
		{D80B529E-3244-4602-B796-465646C7EC1C}.Release|x64.Build.0 = Release|Any CPU
		{D80B529E-3244-4602-B796-465646C7EC1C}.Release|x86.ActiveCfg = Release|Any CPU
		{D80B529E-3244-4602-B796-465646C7EC1C}.Release|x86.Build.0 = Release|Any CPU
		{8B0E7576-3EA7-495C-958D-C306DF157BE3}.Debug|Any CPU.ActiveCfg = Debug|Any CPU
		{8B0E7576-3EA7-495C-958D-C306DF157BE3}.Debug|Any CPU.Build.0 = Debug|Any CPU
		{8B0E7576-3EA7-495C-958D-C306DF157BE3}.Debug|x64.ActiveCfg = Debug|Any CPU
		{8B0E7576-3EA7-495C-958D-C306DF157BE3}.Debug|x64.Build.0 = Debug|Any CPU
		{8B0E7576-3EA7-495C-958D-C306DF157BE3}.Debug|x86.ActiveCfg = Debug|Any CPU
		{8B0E7576-3EA7-495C-958D-C306DF157BE3}.Debug|x86.Build.0 = Debug|Any CPU
		{8B0E7576-3EA7-495C-958D-C306DF157BE3}.Release|Any CPU.ActiveCfg = Release|Any CPU
		{8B0E7576-3EA7-495C-958D-C306DF157BE3}.Release|Any CPU.Build.0 = Release|Any CPU
		{8B0E7576-3EA7-495C-958D-C306DF157BE3}.Release|x64.ActiveCfg = Release|Any CPU
		{8B0E7576-3EA7-495C-958D-C306DF157BE3}.Release|x64.Build.0 = Release|Any CPU
		{8B0E7576-3EA7-495C-958D-C306DF157BE3}.Release|x86.ActiveCfg = Release|Any CPU
		{8B0E7576-3EA7-495C-958D-C306DF157BE3}.Release|x86.Build.0 = Release|Any CPU
		{2F8692DC-5E5A-40FF-BE4D-5E6122BE2409}.Debug|Any CPU.ActiveCfg = Debug|Any CPU
		{2F8692DC-5E5A-40FF-BE4D-5E6122BE2409}.Debug|Any CPU.Build.0 = Debug|Any CPU
		{2F8692DC-5E5A-40FF-BE4D-5E6122BE2409}.Debug|x64.ActiveCfg = Debug|Any CPU
		{2F8692DC-5E5A-40FF-BE4D-5E6122BE2409}.Debug|x64.Build.0 = Debug|Any CPU
		{2F8692DC-5E5A-40FF-BE4D-5E6122BE2409}.Debug|x86.ActiveCfg = Debug|Any CPU
		{2F8692DC-5E5A-40FF-BE4D-5E6122BE2409}.Debug|x86.Build.0 = Debug|Any CPU
		{2F8692DC-5E5A-40FF-BE4D-5E6122BE2409}.Release|Any CPU.ActiveCfg = Release|Any CPU
		{2F8692DC-5E5A-40FF-BE4D-5E6122BE2409}.Release|Any CPU.Build.0 = Release|Any CPU
		{2F8692DC-5E5A-40FF-BE4D-5E6122BE2409}.Release|x64.ActiveCfg = Release|Any CPU
		{2F8692DC-5E5A-40FF-BE4D-5E6122BE2409}.Release|x64.Build.0 = Release|Any CPU
		{2F8692DC-5E5A-40FF-BE4D-5E6122BE2409}.Release|x86.ActiveCfg = Release|Any CPU
		{2F8692DC-5E5A-40FF-BE4D-5E6122BE2409}.Release|x86.Build.0 = Release|Any CPU
		{42739E09-8240-4B51-9F19-801A1521B904}.Debug|Any CPU.ActiveCfg = Debug|Any CPU
		{42739E09-8240-4B51-9F19-801A1521B904}.Debug|Any CPU.Build.0 = Debug|Any CPU
		{42739E09-8240-4B51-9F19-801A1521B904}.Debug|x64.ActiveCfg = Debug|Any CPU
		{42739E09-8240-4B51-9F19-801A1521B904}.Debug|x64.Build.0 = Debug|Any CPU
		{42739E09-8240-4B51-9F19-801A1521B904}.Debug|x86.ActiveCfg = Debug|Any CPU
		{42739E09-8240-4B51-9F19-801A1521B904}.Debug|x86.Build.0 = Debug|Any CPU
		{42739E09-8240-4B51-9F19-801A1521B904}.Release|Any CPU.ActiveCfg = Release|Any CPU
		{42739E09-8240-4B51-9F19-801A1521B904}.Release|Any CPU.Build.0 = Release|Any CPU
		{42739E09-8240-4B51-9F19-801A1521B904}.Release|x64.ActiveCfg = Release|Any CPU
		{42739E09-8240-4B51-9F19-801A1521B904}.Release|x64.Build.0 = Release|Any CPU
		{42739E09-8240-4B51-9F19-801A1521B904}.Release|x86.ActiveCfg = Release|Any CPU
		{42739E09-8240-4B51-9F19-801A1521B904}.Release|x86.Build.0 = Release|Any CPU
		{E0801AEF-655B-49E3-80FA-5DDA83D4F88E}.Debug|Any CPU.ActiveCfg = Debug|Any CPU
		{E0801AEF-655B-49E3-80FA-5DDA83D4F88E}.Debug|Any CPU.Build.0 = Debug|Any CPU
		{E0801AEF-655B-49E3-80FA-5DDA83D4F88E}.Debug|x64.ActiveCfg = Debug|Any CPU
		{E0801AEF-655B-49E3-80FA-5DDA83D4F88E}.Debug|x64.Build.0 = Debug|Any CPU
		{E0801AEF-655B-49E3-80FA-5DDA83D4F88E}.Debug|x86.ActiveCfg = Debug|Any CPU
		{E0801AEF-655B-49E3-80FA-5DDA83D4F88E}.Debug|x86.Build.0 = Debug|Any CPU
		{E0801AEF-655B-49E3-80FA-5DDA83D4F88E}.Release|Any CPU.ActiveCfg = Release|Any CPU
		{E0801AEF-655B-49E3-80FA-5DDA83D4F88E}.Release|Any CPU.Build.0 = Release|Any CPU
		{E0801AEF-655B-49E3-80FA-5DDA83D4F88E}.Release|x64.ActiveCfg = Release|Any CPU
		{E0801AEF-655B-49E3-80FA-5DDA83D4F88E}.Release|x64.Build.0 = Release|Any CPU
		{E0801AEF-655B-49E3-80FA-5DDA83D4F88E}.Release|x86.ActiveCfg = Release|Any CPU
		{E0801AEF-655B-49E3-80FA-5DDA83D4F88E}.Release|x86.Build.0 = Release|Any CPU
		{96050CFE-4F82-447B-920D-EAC87AA2D414}.Debug|Any CPU.ActiveCfg = Debug|Any CPU
		{96050CFE-4F82-447B-920D-EAC87AA2D414}.Debug|Any CPU.Build.0 = Debug|Any CPU
		{96050CFE-4F82-447B-920D-EAC87AA2D414}.Debug|x64.ActiveCfg = Debug|Any CPU
		{96050CFE-4F82-447B-920D-EAC87AA2D414}.Debug|x64.Build.0 = Debug|Any CPU
		{96050CFE-4F82-447B-920D-EAC87AA2D414}.Debug|x86.ActiveCfg = Debug|Any CPU
		{96050CFE-4F82-447B-920D-EAC87AA2D414}.Debug|x86.Build.0 = Debug|Any CPU
		{96050CFE-4F82-447B-920D-EAC87AA2D414}.Release|Any CPU.ActiveCfg = Release|Any CPU
		{96050CFE-4F82-447B-920D-EAC87AA2D414}.Release|Any CPU.Build.0 = Release|Any CPU
		{96050CFE-4F82-447B-920D-EAC87AA2D414}.Release|x64.ActiveCfg = Release|Any CPU
		{96050CFE-4F82-447B-920D-EAC87AA2D414}.Release|x64.Build.0 = Release|Any CPU
		{96050CFE-4F82-447B-920D-EAC87AA2D414}.Release|x86.ActiveCfg = Release|Any CPU
		{96050CFE-4F82-447B-920D-EAC87AA2D414}.Release|x86.Build.0 = Release|Any CPU
		{3AA5C746-9C1D-445E-9E5C-6722CF2421D0}.Debug|Any CPU.ActiveCfg = Debug|Any CPU
		{3AA5C746-9C1D-445E-9E5C-6722CF2421D0}.Debug|Any CPU.Build.0 = Debug|Any CPU
		{3AA5C746-9C1D-445E-9E5C-6722CF2421D0}.Debug|x64.ActiveCfg = Debug|Any CPU
		{3AA5C746-9C1D-445E-9E5C-6722CF2421D0}.Debug|x64.Build.0 = Debug|Any CPU
		{3AA5C746-9C1D-445E-9E5C-6722CF2421D0}.Debug|x86.ActiveCfg = Debug|Any CPU
		{3AA5C746-9C1D-445E-9E5C-6722CF2421D0}.Debug|x86.Build.0 = Debug|Any CPU
		{3AA5C746-9C1D-445E-9E5C-6722CF2421D0}.Release|Any CPU.ActiveCfg = Release|Any CPU
		{3AA5C746-9C1D-445E-9E5C-6722CF2421D0}.Release|Any CPU.Build.0 = Release|Any CPU
		{3AA5C746-9C1D-445E-9E5C-6722CF2421D0}.Release|x64.ActiveCfg = Release|Any CPU
		{3AA5C746-9C1D-445E-9E5C-6722CF2421D0}.Release|x64.Build.0 = Release|Any CPU
		{3AA5C746-9C1D-445E-9E5C-6722CF2421D0}.Release|x86.ActiveCfg = Release|Any CPU
		{3AA5C746-9C1D-445E-9E5C-6722CF2421D0}.Release|x86.Build.0 = Release|Any CPU
		{4CE57E49-0035-4152-B064-CE15A97498DD}.Debug|Any CPU.ActiveCfg = Debug|Any CPU
		{4CE57E49-0035-4152-B064-CE15A97498DD}.Debug|Any CPU.Build.0 = Debug|Any CPU
		{4CE57E49-0035-4152-B064-CE15A97498DD}.Debug|x64.ActiveCfg = Debug|Any CPU
		{4CE57E49-0035-4152-B064-CE15A97498DD}.Debug|x64.Build.0 = Debug|Any CPU
		{4CE57E49-0035-4152-B064-CE15A97498DD}.Debug|x86.ActiveCfg = Debug|Any CPU
		{4CE57E49-0035-4152-B064-CE15A97498DD}.Debug|x86.Build.0 = Debug|Any CPU
		{4CE57E49-0035-4152-B064-CE15A97498DD}.Release|Any CPU.ActiveCfg = Release|Any CPU
		{4CE57E49-0035-4152-B064-CE15A97498DD}.Release|Any CPU.Build.0 = Release|Any CPU
		{4CE57E49-0035-4152-B064-CE15A97498DD}.Release|x64.ActiveCfg = Release|Any CPU
		{4CE57E49-0035-4152-B064-CE15A97498DD}.Release|x64.Build.0 = Release|Any CPU
		{4CE57E49-0035-4152-B064-CE15A97498DD}.Release|x86.ActiveCfg = Release|Any CPU
		{4CE57E49-0035-4152-B064-CE15A97498DD}.Release|x86.Build.0 = Release|Any CPU
		{AB70C26E-D26B-466D-A1A2-A2982DFD23DB}.Debug|Any CPU.ActiveCfg = Debug|Any CPU
		{AB70C26E-D26B-466D-A1A2-A2982DFD23DB}.Debug|Any CPU.Build.0 = Debug|Any CPU
		{AB70C26E-D26B-466D-A1A2-A2982DFD23DB}.Debug|x64.ActiveCfg = Debug|Any CPU
		{AB70C26E-D26B-466D-A1A2-A2982DFD23DB}.Debug|x64.Build.0 = Debug|Any CPU
		{AB70C26E-D26B-466D-A1A2-A2982DFD23DB}.Debug|x86.ActiveCfg = Debug|Any CPU
		{AB70C26E-D26B-466D-A1A2-A2982DFD23DB}.Debug|x86.Build.0 = Debug|Any CPU
		{AB70C26E-D26B-466D-A1A2-A2982DFD23DB}.Release|Any CPU.ActiveCfg = Release|Any CPU
		{AB70C26E-D26B-466D-A1A2-A2982DFD23DB}.Release|Any CPU.Build.0 = Release|Any CPU
		{AB70C26E-D26B-466D-A1A2-A2982DFD23DB}.Release|x64.ActiveCfg = Release|Any CPU
		{AB70C26E-D26B-466D-A1A2-A2982DFD23DB}.Release|x64.Build.0 = Release|Any CPU
		{AB70C26E-D26B-466D-A1A2-A2982DFD23DB}.Release|x86.ActiveCfg = Release|Any CPU
		{AB70C26E-D26B-466D-A1A2-A2982DFD23DB}.Release|x86.Build.0 = Release|Any CPU
		{B4EF4B7B-95B9-49AE-9E80-7F981F69D0EC}.Debug|Any CPU.ActiveCfg = Debug|Any CPU
		{B4EF4B7B-95B9-49AE-9E80-7F981F69D0EC}.Debug|Any CPU.Build.0 = Debug|Any CPU
		{B4EF4B7B-95B9-49AE-9E80-7F981F69D0EC}.Debug|x64.ActiveCfg = Debug|Any CPU
		{B4EF4B7B-95B9-49AE-9E80-7F981F69D0EC}.Debug|x64.Build.0 = Debug|Any CPU
		{B4EF4B7B-95B9-49AE-9E80-7F981F69D0EC}.Debug|x86.ActiveCfg = Debug|Any CPU
		{B4EF4B7B-95B9-49AE-9E80-7F981F69D0EC}.Debug|x86.Build.0 = Debug|Any CPU
		{B4EF4B7B-95B9-49AE-9E80-7F981F69D0EC}.Release|Any CPU.ActiveCfg = Release|Any CPU
		{B4EF4B7B-95B9-49AE-9E80-7F981F69D0EC}.Release|Any CPU.Build.0 = Release|Any CPU
		{B4EF4B7B-95B9-49AE-9E80-7F981F69D0EC}.Release|x64.ActiveCfg = Release|Any CPU
		{B4EF4B7B-95B9-49AE-9E80-7F981F69D0EC}.Release|x64.Build.0 = Release|Any CPU
		{B4EF4B7B-95B9-49AE-9E80-7F981F69D0EC}.Release|x86.ActiveCfg = Release|Any CPU
		{B4EF4B7B-95B9-49AE-9E80-7F981F69D0EC}.Release|x86.Build.0 = Release|Any CPU
		{2E5E6628-C51D-4B61-AD04-9D9C577DFB1A}.Debug|Any CPU.ActiveCfg = Debug|Any CPU
		{2E5E6628-C51D-4B61-AD04-9D9C577DFB1A}.Debug|Any CPU.Build.0 = Debug|Any CPU
		{2E5E6628-C51D-4B61-AD04-9D9C577DFB1A}.Debug|x64.ActiveCfg = Debug|Any CPU
		{2E5E6628-C51D-4B61-AD04-9D9C577DFB1A}.Debug|x64.Build.0 = Debug|Any CPU
		{2E5E6628-C51D-4B61-AD04-9D9C577DFB1A}.Debug|x86.ActiveCfg = Debug|Any CPU
		{2E5E6628-C51D-4B61-AD04-9D9C577DFB1A}.Debug|x86.Build.0 = Debug|Any CPU
		{2E5E6628-C51D-4B61-AD04-9D9C577DFB1A}.Release|Any CPU.ActiveCfg = Release|Any CPU
		{2E5E6628-C51D-4B61-AD04-9D9C577DFB1A}.Release|Any CPU.Build.0 = Release|Any CPU
		{2E5E6628-C51D-4B61-AD04-9D9C577DFB1A}.Release|x64.ActiveCfg = Release|Any CPU
		{2E5E6628-C51D-4B61-AD04-9D9C577DFB1A}.Release|x64.Build.0 = Release|Any CPU
		{2E5E6628-C51D-4B61-AD04-9D9C577DFB1A}.Release|x86.ActiveCfg = Release|Any CPU
		{2E5E6628-C51D-4B61-AD04-9D9C577DFB1A}.Release|x86.Build.0 = Release|Any CPU
		{38FB0676-4120-44CC-A707-18E0DCC51FB3}.Debug|Any CPU.ActiveCfg = Debug|Any CPU
		{38FB0676-4120-44CC-A707-18E0DCC51FB3}.Debug|Any CPU.Build.0 = Debug|Any CPU
		{38FB0676-4120-44CC-A707-18E0DCC51FB3}.Debug|x64.ActiveCfg = Debug|Any CPU
		{38FB0676-4120-44CC-A707-18E0DCC51FB3}.Debug|x64.Build.0 = Debug|Any CPU
		{38FB0676-4120-44CC-A707-18E0DCC51FB3}.Debug|x86.ActiveCfg = Debug|Any CPU
		{38FB0676-4120-44CC-A707-18E0DCC51FB3}.Debug|x86.Build.0 = Debug|Any CPU
		{38FB0676-4120-44CC-A707-18E0DCC51FB3}.Release|Any CPU.ActiveCfg = Release|Any CPU
		{38FB0676-4120-44CC-A707-18E0DCC51FB3}.Release|Any CPU.Build.0 = Release|Any CPU
		{38FB0676-4120-44CC-A707-18E0DCC51FB3}.Release|x64.ActiveCfg = Release|Any CPU
		{38FB0676-4120-44CC-A707-18E0DCC51FB3}.Release|x64.Build.0 = Release|Any CPU
		{38FB0676-4120-44CC-A707-18E0DCC51FB3}.Release|x86.ActiveCfg = Release|Any CPU
		{38FB0676-4120-44CC-A707-18E0DCC51FB3}.Release|x86.Build.0 = Release|Any CPU
		{7412B614-4F89-41FE-81DB-72A29723ECB2}.Debug|Any CPU.ActiveCfg = Debug|Any CPU
		{7412B614-4F89-41FE-81DB-72A29723ECB2}.Debug|Any CPU.Build.0 = Debug|Any CPU
		{7412B614-4F89-41FE-81DB-72A29723ECB2}.Debug|x64.ActiveCfg = Debug|Any CPU
		{7412B614-4F89-41FE-81DB-72A29723ECB2}.Debug|x64.Build.0 = Debug|Any CPU
		{7412B614-4F89-41FE-81DB-72A29723ECB2}.Debug|x86.ActiveCfg = Debug|Any CPU
		{7412B614-4F89-41FE-81DB-72A29723ECB2}.Debug|x86.Build.0 = Debug|Any CPU
		{7412B614-4F89-41FE-81DB-72A29723ECB2}.Release|Any CPU.ActiveCfg = Release|Any CPU
		{7412B614-4F89-41FE-81DB-72A29723ECB2}.Release|Any CPU.Build.0 = Release|Any CPU
		{7412B614-4F89-41FE-81DB-72A29723ECB2}.Release|x64.ActiveCfg = Release|Any CPU
		{7412B614-4F89-41FE-81DB-72A29723ECB2}.Release|x64.Build.0 = Release|Any CPU
		{7412B614-4F89-41FE-81DB-72A29723ECB2}.Release|x86.ActiveCfg = Release|Any CPU
		{7412B614-4F89-41FE-81DB-72A29723ECB2}.Release|x86.Build.0 = Release|Any CPU
		{101806D2-3A68-4A19-A5AC-7A660C622A6A}.Debug|Any CPU.ActiveCfg = Debug|Any CPU
		{101806D2-3A68-4A19-A5AC-7A660C622A6A}.Debug|Any CPU.Build.0 = Debug|Any CPU
		{101806D2-3A68-4A19-A5AC-7A660C622A6A}.Debug|x64.ActiveCfg = Debug|Any CPU
		{101806D2-3A68-4A19-A5AC-7A660C622A6A}.Debug|x64.Build.0 = Debug|Any CPU
		{101806D2-3A68-4A19-A5AC-7A660C622A6A}.Debug|x86.ActiveCfg = Debug|Any CPU
		{101806D2-3A68-4A19-A5AC-7A660C622A6A}.Debug|x86.Build.0 = Debug|Any CPU
		{101806D2-3A68-4A19-A5AC-7A660C622A6A}.Release|Any CPU.ActiveCfg = Release|Any CPU
		{101806D2-3A68-4A19-A5AC-7A660C622A6A}.Release|Any CPU.Build.0 = Release|Any CPU
		{101806D2-3A68-4A19-A5AC-7A660C622A6A}.Release|x64.ActiveCfg = Release|Any CPU
		{101806D2-3A68-4A19-A5AC-7A660C622A6A}.Release|x64.Build.0 = Release|Any CPU
		{101806D2-3A68-4A19-A5AC-7A660C622A6A}.Release|x86.ActiveCfg = Release|Any CPU
		{101806D2-3A68-4A19-A5AC-7A660C622A6A}.Release|x86.Build.0 = Release|Any CPU
		{B3D6166D-4136-4D59-B898-BB619B8B23B1}.Debug|Any CPU.ActiveCfg = Debug|Any CPU
		{B3D6166D-4136-4D59-B898-BB619B8B23B1}.Debug|Any CPU.Build.0 = Debug|Any CPU
		{B3D6166D-4136-4D59-B898-BB619B8B23B1}.Debug|x64.ActiveCfg = Debug|Any CPU
		{B3D6166D-4136-4D59-B898-BB619B8B23B1}.Debug|x64.Build.0 = Debug|Any CPU
		{B3D6166D-4136-4D59-B898-BB619B8B23B1}.Debug|x86.ActiveCfg = Debug|Any CPU
		{B3D6166D-4136-4D59-B898-BB619B8B23B1}.Debug|x86.Build.0 = Debug|Any CPU
		{B3D6166D-4136-4D59-B898-BB619B8B23B1}.Release|Any CPU.ActiveCfg = Release|Any CPU
		{B3D6166D-4136-4D59-B898-BB619B8B23B1}.Release|Any CPU.Build.0 = Release|Any CPU
		{B3D6166D-4136-4D59-B898-BB619B8B23B1}.Release|x64.ActiveCfg = Release|Any CPU
		{B3D6166D-4136-4D59-B898-BB619B8B23B1}.Release|x64.Build.0 = Release|Any CPU
		{B3D6166D-4136-4D59-B898-BB619B8B23B1}.Release|x86.ActiveCfg = Release|Any CPU
		{B3D6166D-4136-4D59-B898-BB619B8B23B1}.Release|x86.Build.0 = Release|Any CPU
	EndGlobalSection
EndGlobal
